
Microsoft Visual Studio Solution File, Format Version 12.00
# Visual Studio Version 16
VisualStudioVersion = 16.0.30804.86
MinimumVisualStudioVersion = 10.0.40219.1
Project("{FAE04EC0-301F-11D3-BF4B-00C04F79EFBC}") = "ARP-RDP", "WindowsFormsApp3\ARP-RDP.csproj", "{46AB1F8C-9E33-489A-937B-68BB0852D557}"
EndProject
Global
	GlobalSection(SolutionConfigurationPlatforms) = preSolution
		Debug|Any CPU = Debug|Any CPU
		Release|Any CPU = Release|Any CPU
	EndGlobalSection
	GlobalSection(ProjectConfigurationPlatforms) = postSolution
		{46AB1F8C-9E33-489A-937B-68BB0852D557}.Debug|Any CPU.ActiveCfg = Debug|Any CPU
		{46AB1F8C-9E33-489A-937B-68BB0852D557}.Debug|Any CPU.Build.0 = Debug|Any CPU
		{46AB1F8C-9E33-489A-937B-68BB0852D557}.Release|Any CPU.ActiveCfg = Release|Any CPU
		{46AB1F8C-9E33-489A-937B-68BB0852D557}.Release|Any CPU.Build.0 = Release|Any CPU
	EndGlobalSection
	GlobalSection(SolutionProperties) = preSolution
		HideSolutionNode = FALSE
	EndGlobalSection
	GlobalSection(ExtensibilityGlobals) = postSolution
		SolutionGuid = {EFE85EB8-1D4D-4CCC-9C56-ECEAA0E4D06D}
	EndGlobalSection
EndGlobal
